
Microsoft Visual Studio Solution File, Format Version 12.00
# Visual Studio Version 16
VisualStudioVersion = 16.0.31911.196
MinimumVisualStudioVersion = 10.0.40219.1
Project("{FAE04EC0-301F-11D3-BF4B-00C04F79EFBC}") = "Med_2", "Med_2.csproj", "{018EFACD-5C8D-4F3C-8BC0-05E002E62CCF}"
EndProject
Global
	GlobalSection(SolutionConfigurationPlatforms) = preSolution
		Debug|Any CPU = Debug|Any CPU
		Release|Any CPU = Release|Any CPU
	EndGlobalSection
	GlobalSection(ProjectConfigurationPlatforms) = postSolution
		{018EFACD-5C8D-4F3C-8BC0-05E002E62CCF}.Debug|Any CPU.ActiveCfg = Debug|Any CPU
		{018EFACD-5C8D-4F3C-8BC0-05E002E62CCF}.Debug|Any CPU.Build.0 = Debug|Any CPU
		{018EFACD-5C8D-4F3C-8BC0-05E002E62CCF}.Release|Any CPU.ActiveCfg = Release|Any CPU
		{018EFACD-5C8D-4F3C-8BC0-05E002E62CCF}.Release|Any CPU.Build.0 = Release|Any CPU
	EndGlobalSection
	GlobalSection(SolutionProperties) = preSolution
		HideSolutionNode = FALSE
	EndGlobalSection
	GlobalSection(ExtensibilityGlobals) = postSolution
		SolutionGuid = {BCD8EF7F-6AD8-4AE6-A5D0-C8DAD01EEF79}
	EndGlobalSection
EndGlobal
